
Microsoft Visual Studio Solution File, Format Version 12.00
# Visual Studio Version 17
VisualStudioVersion = 17.0.32014.148
MinimumVisualStudioVersion = 10.0.40219.1
Project("{9A19103F-16F7-4668-BE54-9A1E7A4F7556}") = "ZStormBot", "ZStormBot\ZStormBot.csproj", "{C12567FC-FAD3-44EE-AE7C-9E32959DB330}"
EndProject
Global
	GlobalSection(SolutionConfigurationPlatforms) = preSolution
		Debug|Any CPU = Debug|Any CPU
		Release|Any CPU = Release|Any CPU
	EndGlobalSection
	GlobalSection(ProjectConfigurationPlatforms) = postSolution
		{C12567FC-FAD3-44EE-AE7C-9E32959DB330}.Debug|Any CPU.ActiveCfg = Debug|Any CPU
		{C12567FC-FAD3-44EE-AE7C-9E32959DB330}.Debug|Any CPU.Build.0 = Debug|Any CPU
		{C12567FC-FAD3-44EE-AE7C-9E32959DB330}.Release|Any CPU.ActiveCfg = Release|Any CPU
		{C12567FC-FAD3-44EE-AE7C-9E32959DB330}.Release|Any CPU.Build.0 = Release|Any CPU
	EndGlobalSection
	GlobalSection(SolutionProperties) = preSolution
		HideSolutionNode = FALSE
	EndGlobalSection
	GlobalSection(ExtensibilityGlobals) = postSolution
		SolutionGuid = {CACD18EF-2FB1-458B-8E72-740613A193F8}
	EndGlobalSection
EndGlobal
